PODS:
  - ReactiveCocoa (2.5):
    - ReactiveCocoa/UI (= 2.5)
  - ReactiveCocoa/Core (2.5):
    - ReactiveCocoa/no-arc
  - ReactiveCocoa/no-arc (2.5)
  - ReactiveCocoa/UI (2.5):
    - ReactiveCocoa/Core

DEPENDENCIES:
  - ReactiveCocoa (~> 2.5)

SPEC REPOS:
  https://github.com/cocoapods/specs.git:
    - ReactiveCocoa

SPEC CHECKSUMS:
  ReactiveCocoa: e2db045570aa97c695e7aa97c2bcab222ae51f4a

PODFILE CHECKSUM: 1f31c78853e50c79c4e1891f1fcc9efbf9514c24

COCOAPODS: 1.5.3
